
Microsoft Visual Studio Solution File, Format Version 12.00
# Visual Studio Version 17
VisualStudioVersion = 17.0.31903.59
MinimumVisualStudioVersion = 10.0.40219.1
Project("{FAE04EC0-301F-11D3-BF4B-00C04F79EFBC}") = "API", "API\API.csproj", "{9A993330-0938-46EE-ABEA-7902910F9F8C}"
EndProject
Project("{FAE04EC0-301F-11D3-BF4B-00C04F79EFBC}") = "Application", "Application\Application.csproj", "{071E5A8F-FADA-4003-A070-E64C78BFBA1B}"
EndProject
Project("{FAE04EC0-301F-11D3-BF4B-00C04F79EFBC}") = "Domain", "Domain\Domain.csproj", "{7A7182F7-000F-4E4D-AD47-6B56D597E807}"
EndProject
Project("{FAE04EC0-301F-11D3-BF4B-00C04F79EFBC}") = "Persistence", "Persistence\Persistence.csproj", "{9716017B-8258-4FEA-8585-3F80F71DA573}"
EndProject
Global
	GlobalSection(SolutionConfigurationPlatforms) = preSolution
		Debug|Any CPU = Debug|Any CPU
		Release|Any CPU = Release|Any CPU
	EndGlobalSection
	GlobalSection(SolutionProperties) = preSolution
		HideSolutionNode = FALSE
	EndGlobalSection
	GlobalSection(ProjectConfigurationPlatforms) = postSolution
		{9A993330-0938-46EE-ABEA-7902910F9F8C}.Debug|Any CPU.ActiveCfg = Debug|Any CPU
		{9A993330-0938-46EE-ABEA-7902910F9F8C}.Debug|Any CPU.Build.0 = Debug|Any CPU
		{9A993330-0938-46EE-ABEA-7902910F9F8C}.Release|Any CPU.ActiveCfg = Release|Any CPU
		{9A993330-0938-46EE-ABEA-7902910F9F8C}.Release|Any CPU.Build.0 = Release|Any CPU
		{071E5A8F-FADA-4003-A070-E64C78BFBA1B}.Debug|Any CPU.ActiveCfg = Debug|Any CPU
		{071E5A8F-FADA-4003-A070-E64C78BFBA1B}.Debug|Any CPU.Build.0 = Debug|Any CPU
		{071E5A8F-FADA-4003-A070-E64C78BFBA1B}.Release|Any CPU.ActiveCfg = Release|Any CPU
		{071E5A8F-FADA-4003-A070-E64C78BFBA1B}.Release|Any CPU.Build.0 = Release|Any CPU
		{7A7182F7-000F-4E4D-AD47-6B56D597E807}.Debug|Any CPU.ActiveCfg = Debug|Any CPU
		{7A7182F7-000F-4E4D-AD47-6B56D597E807}.Debug|Any CPU.Build.0 = Debug|Any CPU
		{7A7182F7-000F-4E4D-AD47-6B56D597E807}.Release|Any CPU.ActiveCfg = Release|Any CPU
		{7A7182F7-000F-4E4D-AD47-6B56D597E807}.Release|Any CPU.Build.0 = Release|Any CPU
		{9716017B-8258-4FEA-8585-3F80F71DA573}.Debug|Any CPU.ActiveCfg = Debug|Any CPU
		{9716017B-8258-4FEA-8585-3F80F71DA573}.Debug|Any CPU.Build.0 = Debug|Any CPU
		{9716017B-8258-4FEA-8585-3F80F71DA573}.Release|Any CPU.ActiveCfg = Release|Any CPU
		{9716017B-8258-4FEA-8585-3F80F71DA573}.Release|Any CPU.Build.0 = Release|Any CPU
	EndGlobalSection
EndGlobal
